
Microsoft Visual Studio Solution File, Format Version 12.00
# Visual Studio 15
VisualStudioVersion = 15.0.27703.2026
MinimumVisualStudioVersion = 10.0.40219.1
Project("{2150E333-8FDC-42A3-9474-1A3956D46DE8}") = "Web", "Web", "{656429D9-D73E-4AB7-A094-4F99D6DBDE1E}"
EndProject
Project("{2150E333-8FDC-42A3-9474-1A3956D46DE8}") = "Data", "Data", "{7043FB0C-E4D1-4202-A0A4-2264002DAA76}"
EndProject
Project("{FAE04EC0-301F-11D3-BF4B-00C04F79EFBC}") = "IMM.Data", "IMM.Data\IMM.Data.csproj", "{3181F80C-85DC-42A6-A608-10870F9C9AE9}"
EndProject
Project("{FAE04EC0-301F-11D3-BF4B-00C04F79EFBC}") = "IMM.Data.Common", "IMM.Data.Common\IMM.Data.Common.csproj", "{A02A4901-6BED-427C-9BF3-DC19690B1F96}"
EndProject
Project("{FAE04EC0-301F-11D3-BF4B-00C04F79EFBC}") = "IMM.Data.Models", "IMM.Data.Models\IMM.Data.Models.csproj", "{8F4B6DA5-00B2-4CD0-852F-EEFE07053DC2}"
EndProject
Project("{FAE04EC0-301F-11D3-BF4B-00C04F79EFBC}") = "IMM.Data.Services", "IMM.Data.Services\IMM.Data.Services.csproj", "{333D639B-F543-442A-B84F-09953C253995}"
EndProject
Project("{FAE04EC0-301F-11D3-BF4B-00C04F79EFBC}") = "IMM.Web.Common", "IMM.Web.Common\IMM.Web.Common.csproj", "{D95399BF-F688-4F15-BD8E-C80C9DCF4AFF}"
EndProject
Project("{FAE04EC0-301F-11D3-BF4B-00C04F79EFBC}") = "IMM.Web", "IMM.Web\IMM.Web.csproj", "{6F30A8B5-1761-44C7-BAD2-003EE6D8EAFF}"
EndProject
Global
	GlobalSection(SolutionConfigurationPlatforms) = preSolution
		Debug|Any CPU = Debug|Any CPU
		Release|Any CPU = Release|Any CPU
	EndGlobalSection
	GlobalSection(ProjectConfigurationPlatforms) = postSolution
		{3181F80C-85DC-42A6-A608-10870F9C9AE9}.Debug|Any CPU.ActiveCfg = Debug|Any CPU
		{3181F80C-85DC-42A6-A608-10870F9C9AE9}.Debug|Any CPU.Build.0 = Debug|Any CPU
		{3181F80C-85DC-42A6-A608-10870F9C9AE9}.Release|Any CPU.ActiveCfg = Release|Any CPU
		{3181F80C-85DC-42A6-A608-10870F9C9AE9}.Release|Any CPU.Build.0 = Release|Any CPU
		{A02A4901-6BED-427C-9BF3-DC19690B1F96}.Debug|Any CPU.ActiveCfg = Debug|Any CPU
		{A02A4901-6BED-427C-9BF3-DC19690B1F96}.Debug|Any CPU.Build.0 = Debug|Any CPU
		{A02A4901-6BED-427C-9BF3-DC19690B1F96}.Release|Any CPU.ActiveCfg = Release|Any CPU
		{A02A4901-6BED-427C-9BF3-DC19690B1F96}.Release|Any CPU.Build.0 = Release|Any CPU
		{8F4B6DA5-00B2-4CD0-852F-EEFE07053DC2}.Debug|Any CPU.ActiveCfg = Debug|Any CPU
		{8F4B6DA5-00B2-4CD0-852F-EEFE07053DC2}.Debug|Any CPU.Build.0 = Debug|Any CPU
		{8F4B6DA5-00B2-4CD0-852F-EEFE07053DC2}.Release|Any CPU.ActiveCfg = Release|Any CPU
		{8F4B6DA5-00B2-4CD0-852F-EEFE07053DC2}.Release|Any CPU.Build.0 = Release|Any CPU
		{333D639B-F543-442A-B84F-09953C253995}.Debug|Any CPU.ActiveCfg = Debug|Any CPU
		{333D639B-F543-442A-B84F-09953C253995}.Debug|Any CPU.Build.0 = Debug|Any CPU
		{333D639B-F543-442A-B84F-09953C253995}.Release|Any CPU.ActiveCfg = Release|Any CPU
		{333D639B-F543-442A-B84F-09953C253995}.Release|Any CPU.Build.0 = Release|Any CPU
		{D95399BF-F688-4F15-BD8E-C80C9DCF4AFF}.Debug|Any CPU.ActiveCfg = Debug|Any CPU
		{D95399BF-F688-4F15-BD8E-C80C9DCF4AFF}.Debug|Any CPU.Build.0 = Debug|Any CPU
		{D95399BF-F688-4F15-BD8E-C80C9DCF4AFF}.Release|Any CPU.ActiveCfg = Release|Any CPU
		{D95399BF-F688-4F15-BD8E-C80C9DCF4AFF}.Release|Any CPU.Build.0 = Release|Any CPU
		{6F30A8B5-1761-44C7-BAD2-003EE6D8EAFF}.Debug|Any CPU.ActiveCfg = Debug|Any CPU
		{6F30A8B5-1761-44C7-BAD2-003EE6D8EAFF}.Debug|Any CPU.Build.0 = Debug|Any CPU
		{6F30A8B5-1761-44C7-BAD2-003EE6D8EAFF}.Release|Any CPU.ActiveCfg = Release|Any CPU
		{6F30A8B5-1761-44C7-BAD2-003EE6D8EAFF}.Release|Any CPU.Build.0 = Release|Any CPU
	EndGlobalSection
	GlobalSection(SolutionProperties) = preSolution
		HideSolutionNode = FALSE
	EndGlobalSection
	GlobalSection(NestedProjects) = preSolution
		{3181F80C-85DC-42A6-A608-10870F9C9AE9} = {7043FB0C-E4D1-4202-A0A4-2264002DAA76}
		{A02A4901-6BED-427C-9BF3-DC19690B1F96} = {7043FB0C-E4D1-4202-A0A4-2264002DAA76}
		{8F4B6DA5-00B2-4CD0-852F-EEFE07053DC2} = {7043FB0C-E4D1-4202-A0A4-2264002DAA76}
		{333D639B-F543-442A-B84F-09953C253995} = {7043FB0C-E4D1-4202-A0A4-2264002DAA76}
		{D95399BF-F688-4F15-BD8E-C80C9DCF4AFF} = {656429D9-D73E-4AB7-A094-4F99D6DBDE1E}
		{6F30A8B5-1761-44C7-BAD2-003EE6D8EAFF} = {656429D9-D73E-4AB7-A094-4F99D6DBDE1E}
	EndGlobalSection
	GlobalSection(ExtensibilityGlobals) = postSolution
		SolutionGuid = {3DD5A0C8-8C51-42BD-8ED4-A3E5135C2628}
	EndGlobalSection
EndGlobal
